
Microsoft Visual Studio Solution File, Format Version 12.00
# Visual Studio Version 17
VisualStudioVersion = 17.0.31903.59
MinimumVisualStudioVersion = 10.0.40219.1
Project("{FAE04EC0-301F-11D3-BF4B-00C04F79EFBC}") = "DbManage.Core", "DbManage.Core\DbManage.Core.csproj", "{8DF2B0C8-8A18-4B5C-BA47-A499AAE933C8}"
EndProject
Project("{2150E333-8FDC-42A3-9474-1A3956D46DE8}") = "Tests", "Tests", "{499ED893-B7BA-469E-B118-047801D4D5C5}"
EndProject
Project("{FAE04EC0-301F-11D3-BF4B-00C04F79EFBC}") = "DbManage.Core.Tests", "DbManage.Core.Tests\DbManage.Core.Tests.csproj", "{315D57B1-3DA3-4287-B12C-B7A63388FAB0}"
EndProject
Global
	GlobalSection(SolutionConfigurationPlatforms) = preSolution
		Debug|Any CPU = Debug|Any CPU
		Release|Any CPU = Release|Any CPU
	EndGlobalSection
	GlobalSection(ProjectConfigurationPlatforms) = postSolution
		{8DF2B0C8-8A18-4B5C-BA47-A499AAE933C8}.Debug|Any CPU.ActiveCfg = Debug|Any CPU
		{8DF2B0C8-8A18-4B5C-BA47-A499AAE933C8}.Debug|Any CPU.Build.0 = Debug|Any CPU
		{8DF2B0C8-8A18-4B5C-BA47-A499AAE933C8}.Release|Any CPU.ActiveCfg = Release|Any CPU
		{8DF2B0C8-8A18-4B5C-BA47-A499AAE933C8}.Release|Any CPU.Build.0 = Release|Any CPU
		{315D57B1-3DA3-4287-B12C-B7A63388FAB0}.Debug|Any CPU.ActiveCfg = Debug|Any CPU
		{315D57B1-3DA3-4287-B12C-B7A63388FAB0}.Debug|Any CPU.Build.0 = Debug|Any CPU
		{315D57B1-3DA3-4287-B12C-B7A63388FAB0}.Release|Any CPU.ActiveCfg = Release|Any CPU
		{315D57B1-3DA3-4287-B12C-B7A63388FAB0}.Release|Any CPU.Build.0 = Release|Any CPU
	EndGlobalSection
	GlobalSection(SolutionProperties) = preSolution
		HideSolutionNode = FALSE
	EndGlobalSection
	GlobalSection(NestedProjects) = preSolution
		{315D57B1-3DA3-4287-B12C-B7A63388FAB0} = {499ED893-B7BA-469E-B118-047801D4D5C5}
	EndGlobalSection
	GlobalSection(ExtensibilityGlobals) = postSolution
		SolutionGuid = {2E7276F4-C280-491E-B270-99FEEAD42CE1}
	EndGlobalSection
EndGlobal
